// !$*UTF8*$!
{
	archiveVersion = 1;
	classes = {
	};
	objectVersion = 46;
	objects = {

/* Begin PBXBuildFile section */
		04A019981328EA701F728DBB /* Pods_fasha_iOS.framework in Frameworks */ = {isa = PBXBuildFile; fileRef = 5C84EB41222DBC525F968347 /* Pods_fasha_iOS.framework */; };
		AD99DB361F2B325A008F5AE8 /* ViewController.swift in Sources */ = {isa = PBXBuildFile; fileRef = AD99DB351F2B325A008F5AE8 /* ViewController.swift */; };
		AD99DB391F2B325A008F5AE8 /* Main.storyboard in Resources */ = {isa = PBXBuildFile; fileRef = AD99DB371F2B325A008F5AE8 /* Main.storyboard */; };
		AD99DB3B1F2B325A008F5AE8 /* Assets.xcassets in Resources */ = {isa = PBXBuildFile; fileRef = AD99DB3A1F2B325A008F5AE8 /* Assets.xcassets */; };
		AD99DB491F2B325A008F5AE8 /* fasha_iOSTests.swift in Sources */ = {isa = PBXBuildFile; fileRef = AD99DB481F2B325A008F5AE8 /* fasha_iOSTests.swift */; };
		AD99DB631F2BA82D008F5AE8 /* UserEntity.swift in Sources */ = {isa = PBXBuildFile; fileRef = AD99DB621F2BA82D008F5AE8 /* UserEntity.swift */; };
		AD99DB6A1F2CF212008F5AE8 /* AppDelegate.swift in Sources */ = {isa = PBXBuildFile; fileRef = AD99DB681F2CF212008F5AE8 /* AppDelegate.swift */; };
		AD99DB6B1F2CF212008F5AE8 /* Info.plist in Resources */ = {isa = PBXBuildFile; fileRef = AD99DB691F2CF212008F5AE8 /* Info.plist */; };
		AD99DB7A1F3048D9008F5AE8 /* ApiClientBase.swift in Sources */ = {isa = PBXBuildFile; fileRef = AD99DB791F3048D9008F5AE8 /* ApiClientBase.swift */; };
		ADF8C4C61F3087B000693E42 /* Dictionary.swift in Sources */ = {isa = PBXBuildFile; fileRef = ADF8C4C51F3087B000693E42 /* Dictionary.swift */; };
		F10F02BE01027912B898847E /* Pods_fasha_iOSTests.framework in Frameworks */ = {isa = PBXBuildFile; fileRef = 2049916D2A999FD5AE18D7DA /* Pods_fasha_iOSTests.framework */; };
/* End PBXBuildFile section */

/* Begin PBXContainerItemProxy section */
		AD99DB451F2B325A008F5AE8 /* PBXContainerItemProxy */ = {
			isa = PBXContainerItemProxy;
			containerPortal = AD99DB281F2B325A008F5AE8 /* Project object */;
			proxyType = 1;
			remoteGlobalIDString = AD99DB2F1F2B325A008F5AE8;
			remoteInfo = "fasha-iOS";
		};
/* End PBXContainerItemProxy section */

/* Begin PBXFileReference section */
		2049916D2A999FD5AE18D7DA /* Pods_fasha_iOSTests.framework */ = {isa = PBXFileReference; explicitFileType = wrapper.framework; includeInIndex = 0; path = Pods_fasha_iOSTests.framework; sourceTree = BUILT_PRODUCTS_DIR; };
		362316CC842D04D487FD3328 /* Pods-fasha-iOSTests.release.xcconfig */ = {isa = PBXFileReference; includeInIndex = 1; lastKnownFileType = text.xcconfig; name = "Pods-fasha-iOSTests.release.xcconfig"; path = "Pods/Target Support Files/Pods-fasha-iOSTests/Pods-fasha-iOSTests.release.xcconfig"; sourceTree = "<group>"; };
		5C84EB41222DBC525F968347 /* Pods_fasha_iOS.framework */ = {isa = PBXFileReference; explicitFileType = wrapper.framework; includeInIndex = 0; path = Pods_fasha_iOS.framework; sourceTree = BUILT_PRODUCTS_DIR; };
		67EA781A0204FC5A720F6AA4 /* Pods-fasha-iOSTests.debug.xcconfig */ = {isa = PBXFileReference; includeInIndex = 1; lastKnownFileType = text.xcconfig; name = "Pods-fasha-iOSTests.debug.xcconfig"; path = "Pods/Target Support Files/Pods-fasha-iOSTests/Pods-fasha-iOSTests.debug.xcconfig"; sourceTree = "<group>"; };
		AD99DB301F2B325A008F5AE8 /* fasha-iOS.app */ = {isa = PBXFileReference; explicitFileType = wrapper.application; includeInIndex = 0; path = "fasha-iOS.app"; sourceTree = BUILT_PRODUCTS_DIR; };
		AD99DB351F2B325A008F5AE8 /* ViewController.swift */ = {isa = PBXFileReference; lastKnownFileType = sourcecode.swift; path = ViewController.swift; sourceTree = "<group>"; };
		AD99DB381F2B325A008F5AE8 /* Base */ = {isa = PBXFileReference; lastKnownFileType = file.storyboard; name = Base; path = Base.lproj/Main.storyboard; sourceTree = "<group>"; };
		AD99DB3A1F2B325A008F5AE8 /* Assets.xcassets */ = {isa = PBXFileReference; lastKnownFileType = folder.assetcatalog; path = Assets.xcassets; sourceTree = "<group>"; };
		AD99DB441F2B325A008F5AE8 /* fasha-iOSTests.xctest */ = {isa = PBXFileReference; explicitFileType = wrapper.cfbundle; includeInIndex = 0; path = "fasha-iOSTests.xctest"; sourceTree = BUILT_PRODUCTS_DIR; };
		AD99DB481F2B325A008F5AE8 /* fasha_iOSTests.swift */ = {isa = PBXFileReference; lastKnownFileType = sourcecode.swift; path = fasha_iOSTests.swift; sourceTree = "<group>"; };
		AD99DB4A1F2B325A008F5AE8 /* Info.plist */ = {isa = PBXFileReference; lastKnownFileType = text.plist.xml; path = Info.plist; sourceTree = "<group>"; };
		AD99DB621F2BA82D008F5AE8 /* UserEntity.swift */ = {isa = PBXFileReference; fileEncoding = 4; lastKnownFileType = sourcecode.swift; path = UserEntity.swift; sourceTree = "<group>"; };
		AD99DB681F2CF212008F5AE8 /* AppDelegate.swift */ = {isa = PBXFileReference; fileEncoding = 4; lastKnownFileType = sourcecode.swift; path = AppDelegate.swift; sourceTree = "<group>"; };
		AD99DB691F2CF212008F5AE8 /* Info.plist */ = {isa = PBXFileReference; fileEncoding = 4; lastKnownFileType = text.plist.xml; path = Info.plist; sourceTree = "<group>"; };
		AD99DB791F3048D9008F5AE8 /* ApiClientBase.swift */ = {isa = PBXFileReference; fileEncoding = 4; lastKnownFileType = sourcecode.swift; path = ApiClientBase.swift; sourceTree = "<group>"; };
		ADF8C4C51F3087B000693E42 /* Dictionary.swift */ = {isa = PBXFileReference; fileEncoding = 4; lastKnownFileType = sourcecode.swift; path = Dictionary.swift; sourceTree = "<group>"; };
		BB0FE4A732D25BFB8D278718 /* Pods-fasha-iOS.debug.xcconfig */ = {isa = PBXFileReference; includeInIndex = 1; lastKnownFileType = text.xcconfig; name = "Pods-fasha-iOS.debug.xcconfig"; path = "Pods/Target Support Files/Pods-fasha-iOS/Pods-fasha-iOS.debug.xcconfig"; sourceTree = "<group>"; };
		E882148B4880BE4BD90E7961 /* Pods-fasha-iOS.release.xcconfig */ = {isa = PBXFileReference; includeInIndex = 1; lastKnownFileType = text.xcconfig; name = "Pods-fasha-iOS.release.xcconfig"; path = "Pods/Target Support Files/Pods-fasha-iOS/Pods-fasha-iOS.release.xcconfig"; sourceTree = "<group>"; };
/* End PBXFileReference section */

/* Begin PBXFrameworksBuildPhase section */
		AD99DB2D1F2B325A008F5AE8 /* Frameworks */ = {
			isa = PBXFrameworksBuildPhase;
			buildActionMask = 2147483647;
			files = (
				04A019981328EA701F728DBB /* Pods_fasha_iOS.framework in Frameworks */,
			);
			runOnlyForDeploymentPostprocessing = 0;
		};
		AD99DB411F2B325A008F5AE8 /* Frameworks */ = {
			isa = PBXFrameworksBuildPhase;
			buildActionMask = 2147483647;
			files = (
				F10F02BE01027912B898847E /* Pods_fasha_iOSTests.framework in Frameworks */,
			);
			runOnlyForDeploymentPostprocessing = 0;
		};
/* End PBXFrameworksBuildPhase section */

/* Begin PBXGroup section */
		3FC4B6F991F9A8461A90F5FE /* Frameworks */ = {
			isa = PBXGroup;
			children = (
				5C84EB41222DBC525F968347 /* Pods_fasha_iOS.framework */,
				2049916D2A999FD5AE18D7DA /* Pods_fasha_iOSTests.framework */,
			);
			name = Frameworks;
			sourceTree = "<group>";
		};
		AD99DB271F2B325A008F5AE8 = {
			isa = PBXGroup;
			children = (
				AD99DB321F2B325A008F5AE8 /* fasha-iOS */,
				AD99DB471F2B325A008F5AE8 /* fasha-iOSTests */,
				AD99DB311F2B325A008F5AE8 /* Products */,
				DB77AA93F4D3B2D4F14165DE /* Pods */,
				3FC4B6F991F9A8461A90F5FE /* Frameworks */,
			);
			sourceTree = "<group>";
		};
		AD99DB311F2B325A008F5AE8 /* Products */ = {
			isa = PBXGroup;
			children = (
				AD99DB301F2B325A008F5AE8 /* fasha-iOS.app */,
				AD99DB441F2B325A008F5AE8 /* fasha-iOSTests.xctest */,
			);
			name = Products;
			sourceTree = "<group>";
		};
		AD99DB321F2B325A008F5AE8 /* fasha-iOS */ = {
			isa = PBXGroup;
			children = (
				AD99DB6C1F2F89C6008F5AE8 /* Fasha */,
				AD99DB551F2B965E008F5AE8 /* Application */,
				AD99DB531F2B90FD008F5AE8 /* Domain */,
				AD99DB6D1F2F8EC0008F5AE8 /* Infrastructures */,
				AD99DB671F2CF212008F5AE8 /* Supporting Files */,
				AD99DB351F2B325A008F5AE8 /* ViewController.swift */,
				AD99DB371F2B325A008F5AE8 /* Main.storyboard */,
				AD99DB3A1F2B325A008F5AE8 /* Assets.xcassets */,
			);
			path = "fasha-iOS";
			sourceTree = "<group>";
		};
		AD99DB471F2B325A008F5AE8 /* fasha-iOSTests */ = {
			isa = PBXGroup;
			children = (
				AD99DB481F2B325A008F5AE8 /* fasha_iOSTests.swift */,
				AD99DB4A1F2B325A008F5AE8 /* Info.plist */,
			);
			path = "fasha-iOSTests";
			sourceTree = "<group>";
		};
		AD99DB531F2B90FD008F5AE8 /* Domain */ = {
			isa = PBXGroup;
			children = (
				AD99DB761F3048B0008F5AE8 /* Service */,
				AD99DB5B1F2B9B26008F5AE8 /* Model */,
			);
			path = Domain;
			sourceTree = "<group>";
		};
		AD99DB551F2B965E008F5AE8 /* Application */ = {
			isa = PBXGroup;
			children = (
				ADF8C4C31F30879600693E42 /* Utils */,
				AD99DB751F3048A2008F5AE8 /* TransitionState */,
				AD99DB721F303FFC008F5AE8 /* Service */,
			);
			path = Application;
			sourceTree = "<group>";
		};
		AD99DB5B1F2B9B26008F5AE8 /* Model */ = {
			isa = PBXGroup;
			children = (
				AD99DB5C1F2B9B26008F5AE8 /* DTO */,
				AD99DB5D1F2B9B26008F5AE8 /* Entity */,
				AD99DB5E1F2B9B26008F5AE8 /* Enum */,
			);
			path = Model;
			sourceTree = "<group>";
		};
		AD99DB5C1F2B9B26008F5AE8 /* DTO */ = {
			isa = PBXGroup;
			children = (
			);
			path = DTO;
			sourceTree = "<group>";
		};
		AD99DB5D1F2B9B26008F5AE8 /* Entity */ = {
			isa = PBXGroup;
			children = (
				AD99DB621F2BA82D008F5AE8 /* UserEntity.swift */,
			);
			path = Entity;
			sourceTree = "<group>";
		};
		AD99DB5E1F2B9B26008F5AE8 /* Enum */ = {
			isa = PBXGroup;
			children = (
			);
			path = Enum;
			sourceTree = "<group>";
		};
		AD99DB671F2CF212008F5AE8 /* Supporting Files */ = {
			isa = PBXGroup;
			children = (
				AD99DB681F2CF212008F5AE8 /* AppDelegate.swift */,
				AD99DB691F2CF212008F5AE8 /* Info.plist */,
			);
			path = "Supporting Files";
			sourceTree = "<group>";
		};
		AD99DB6C1F2F89C6008F5AE8 /* Fasha */ = {
			isa = PBXGroup;
			children = (
				AD99DB731F304009008F5AE8 /* Controllers */,
				AD99DB741F304009008F5AE8 /* Views */,
			);
			path = Fasha;
			sourceTree = "<group>";
		};
		AD99DB6D1F2F8EC0008F5AE8 /* Infrastructures */ = {
			isa = PBXGroup;
			children = (
				AD99DB771F3048D9008F5AE8 /* Repository */,
			);
			path = Infrastructures;
			sourceTree = "<group>";
		};
		AD99DB721F303FFC008F5AE8 /* Service */ = {
			isa = PBXGroup;
			children = (
			);
			path = Service;
			sourceTree = "<group>";
		};
		AD99DB731F304009008F5AE8 /* Controllers */ = {
			isa = PBXGroup;
			children = (
			);
			path = Controllers;
			sourceTree = "<group>";
		};
		AD99DB741F304009008F5AE8 /* Views */ = {
			isa = PBXGroup;
			children = (
			);
			path = Views;
			sourceTree = "<group>";
		};
		AD99DB751F3048A2008F5AE8 /* TransitionState */ = {
			isa = PBXGroup;
			children = (
			);
			path = TransitionState;
			sourceTree = "<group>";
		};
		AD99DB761F3048B0008F5AE8 /* Service */ = {
			isa = PBXGroup;
			children = (
			);
			path = Service;
			sourceTree = "<group>";
		};
		AD99DB771F3048D9008F5AE8 /* Repository */ = {
			isa = PBXGroup;
			children = (
				AD99DB781F3048D9008F5AE8 /* ApiClient */,
			);
			path = Repository;
			sourceTree = "<group>";
		};
		AD99DB781F3048D9008F5AE8 /* ApiClient */ = {
			isa = PBXGroup;
			children = (
				AD99DB791F3048D9008F5AE8 /* ApiClientBase.swift */,
			);
			path = ApiClient;
			sourceTree = "<group>";
		};
		ADF8C4C31F30879600693E42 /* Utils */ = {
			isa = PBXGroup;
			children = (
				ADF8C4C41F30879600693E42 /* Extension */,
			);
			path = Utils;
			sourceTree = "<group>";
		};
		ADF8C4C41F30879600693E42 /* Extension */ = {
			isa = PBXGroup;
			children = (
				ADF8C4C51F3087B000693E42 /* Dictionary.swift */,
			);
			path = Extension;
			sourceTree = "<group>";
		};
		DB77AA93F4D3B2D4F14165DE /* Pods */ = {
			isa = PBXGroup;
			children = (
				BB0FE4A732D25BFB8D278718 /* Pods-fasha-iOS.debug.xcconfig */,
				E882148B4880BE4BD90E7961 /* Pods-fasha-iOS.release.xcconfig */,
				67EA781A0204FC5A720F6AA4 /* Pods-fasha-iOSTests.debug.xcconfig */,
				362316CC842D04D487FD3328 /* Pods-fasha-iOSTests.release.xcconfig */,
			);
			name = Pods;
			sourceTree = "<group>";
		};
/* End PBXGroup section */

/* Begin PBXNativeTarget section */
		AD99DB2F1F2B325A008F5AE8 /* fasha-iOS */ = {
			isa = PBXNativeTarget;
			buildConfigurationList = AD99DB4D1F2B325A008F5AE8 /* Build configuration list for PBXNativeTarget "fasha-iOS" */;
			buildPhases = (
				C186D9C4CCE6A19BC8ED178B /* [CP] Check Pods Manifest.lock */,
				AD99DB2C1F2B325A008F5AE8 /* Sources */,
				AD99DB2D1F2B325A008F5AE8 /* Frameworks */,
				AD99DB2E1F2B325A008F5AE8 /* Resources */,
				096325F5A9DE67BFA5800BCB /* [CP] Embed Pods Frameworks */,
				B6EACB64B3C20BB24F512D17 /* [CP] Copy Pods Resources */,
			);
			buildRules = (
			);
			dependencies = (
			);
			name = "fasha-iOS";
			productName = "fasha-iOS";
			productReference = AD99DB301F2B325A008F5AE8 /* fasha-iOS.app */;
			productType = "com.apple.product-type.application";
		};
		AD99DB431F2B325A008F5AE8 /* fasha-iOSTests */ = {
			isa = PBXNativeTarget;
			buildConfigurationList = AD99DB501F2B325A008F5AE8 /* Build configuration list for PBXNativeTarget "fasha-iOSTests" */;
			buildPhases = (
				79533465325A77EC18A13D5D /* [CP] Check Pods Manifest.lock */,
				AD99DB401F2B325A008F5AE8 /* Sources */,
				AD99DB411F2B325A008F5AE8 /* Frameworks */,
				AD99DB421F2B325A008F5AE8 /* Resources */,
				B8AFF672F7741BE8E16D9D8D /* [CP] Embed Pods Frameworks */,
				A6A9018EA2E20539D5D5C149 /* [CP] Copy Pods Resources */,
			);
			buildRules = (
			);
			dependencies = (
				AD99DB461F2B325A008F5AE8 /* PBXTargetDependency */,
			);
			name = "fasha-iOSTests";
			productName = "fasha-iOSTests";
			productReference = AD99DB441F2B325A008F5AE8 /* fasha-iOSTests.xctest */;
			productType = "com.apple.product-type.bundle.unit-test";
		};
/* End PBXNativeTarget section */

/* Begin PBXProject section */
		AD99DB281F2B325A008F5AE8 /* Project object */ = {
			isa = PBXProject;
			attributes = {
				LastSwiftUpdateCheck = 0820;
				LastUpgradeCheck = 0820;
				ORGANIZATIONNAME = "anh tranluongtuan";
				TargetAttributes = {
					AD99DB2F1F2B325A008F5AE8 = {
						CreatedOnToolsVersion = 8.2.1;
						DevelopmentTeam = D4PE3NA5E3;
						ProvisioningStyle = Automatic;
					};
					AD99DB431F2B325A008F5AE8 = {
						CreatedOnToolsVersion = 8.2.1;
						ProvisioningStyle = Automatic;
						TestTargetID = AD99DB2F1F2B325A008F5AE8;
					};
				};
			};
			buildConfigurationList = AD99DB2B1F2B325A008F5AE8 /* Build configuration list for PBXProject "fasha-iOS" */;
			compatibilityVersion = "Xcode 3.2";
			developmentRegion = English;
			hasScannedForEncodings = 0;
			knownRegions = (
				en,
				Base,
			);
			mainGroup = AD99DB271F2B325A008F5AE8;
			productRefGroup = AD99DB311F2B325A008F5AE8 /* Products */;
			projectDirPath = "";
			projectRoot = "";
			targets = (
				AD99DB2F1F2B325A008F5AE8 /* fasha-iOS */,
				AD99DB431F2B325A008F5AE8 /* fasha-iOSTests */,
			);
		};
/* End PBXProject section */

/* Begin PBXResourcesBuildPhase section */
		AD99DB2E1F2B325A008F5AE8 /* Resources */ = {
			isa = PBXResourcesBuildPhase;
			buildActionMask = 2147483647;
			files = (
				AD99DB3B1F2B325A008F5AE8 /* Assets.xcassets in Resources */,
				AD99DB391F2B325A008F5AE8 /* Main.storyboard in Resources */,
				AD99DB6B1F2CF212008F5AE8 /* Info.plist in Resources */,
			);
			runOnlyForDeploymentPostprocessing = 0;
		};
		AD99DB421F2B325A008F5AE8 /* Resources */ = {
			isa = PBXResourcesBuildPhase;
			buildActionMask = 2147483647;
			files = (
			);
			runOnlyForDeploymentPostprocessing = 0;
		};
/* End PBXResourcesBuildPhase section */

/* Begin PBXShellScriptBuildPhase section */
		096325F5A9DE67BFA5800BCB /* [CP] Embed Pods Frameworks */ = {
			isa = PBXShellScriptBuildPhase;
			buildActionMask = 2147483647;
			files = (
			);
			inputPaths = (
			);
			name = "[CP] Embed Pods Frameworks";
			outputPaths = (
			);
			runOnlyForDeploymentPostprocessing = 0;
			shellPath = /bin/sh;
			shellScript = "\"${SRCROOT}/Pods/Target Support Files/Pods-fasha-iOS/Pods-fasha-iOS-frameworks.sh\"\n";
			showEnvVarsInLog = 0;
		};
		79533465325A77EC18A13D5D /* [CP] Check Pods Manifest.lock */ = {
			isa = PBXShellScriptBuildPhase;
			buildActionMask = 2147483647;
			files = (
			);
			inputPaths = (
			);
			name = "[CP] Check Pods Manifest.lock";
			outputPaths = (
			);
			runOnlyForDeploymentPostprocessing = 0;
			shellPath = /bin/sh;
			shellScript = "diff \"${PODS_PODFILE_DIR_PATH}/Podfile.lock\" \"${PODS_ROOT}/Manifest.lock\" > /dev/null\nif [ $? != 0 ] ; then\n    # print error to STDERR\n    echo \"error: The sandbox is not in sync with the Podfile.lock. Run 'pod install' or update your CocoaPods installation.\" >&2\n    exit 1\nfi\n";
			showEnvVarsInLog = 0;
		};
		A6A9018EA2E20539D5D5C149 /* [CP] Copy Pods Resources */ = {
			isa = PBXShellScriptBuildPhase;
			buildActionMask = 2147483647;
			files = (
			);
			inputPaths = (
			);
			name = "[CP] Copy Pods Resources";
			outputPaths = (
			);
			runOnlyForDeploymentPostprocessing = 0;
			shellPath = /bin/sh;
			shellScript = "\"${SRCROOT}/Pods/Target Support Files/Pods-fasha-iOSTests/Pods-fasha-iOSTests-resources.sh\"\n";
			showEnvVarsInLog = 0;
		};
		B6EACB64B3C20BB24F512D17 /* [CP] Copy Pods Resources */ = {
			isa = PBXShellScriptBuildPhase;
			buildActionMask = 2147483647;
			files = (
			);
			inputPaths = (
			);
			name = "[CP] Copy Pods Resources";
			outputPaths = (
			);
			runOnlyForDeploymentPostprocessing = 0;
			shellPath = /bin/sh;
			shellScript = "\"${SRCROOT}/Pods/Target Support Files/Pods-fasha-iOS/Pods-fasha-iOS-resources.sh\"\n";
			showEnvVarsInLog = 0;
		};
		B8AFF672F7741BE8E16D9D8D /* [CP] Embed Pods Frameworks */ = {
			isa = PBXShellScriptBuildPhase;
			buildActionMask = 2147483647;
			files = (
			);
			inputPaths = (
			);
			name = "[CP] Embed Pods Frameworks";
			outputPaths = (
			);
			runOnlyForDeploymentPostprocessing = 0;
			shellPath = /bin/sh;
			shellScript = "\"${SRCROOT}/Pods/Target Support Files/Pods-fasha-iOSTests/Pods-fasha-iOSTests-frameworks.sh\"\n";
			showEnvVarsInLog = 0;
		};
		C186D9C4CCE6A19BC8ED178B /* [CP] Check Pods Manifest.lock */ = {
			isa = PBXShellScriptBuildPhase;
			buildActionMask = 2147483647;
			files = (
			);
			inputPaths = (
			);
			name = "[CP] Check Pods Manifest.lock";
			outputPaths = (
			);
			runOnlyForDeploymentPostprocessing = 0;
			shellPath = /bin/sh;
			shellScript = "diff \"${PODS_PODFILE_DIR_PATH}/Podfile.lock\" \"${PODS_ROOT}/Manifest.lock\" > /dev/null\nif [ $? != 0 ] ; then\n    # print error to STDERR\n    echo \"error: The sandbox is not in sync with the Podfile.lock. Run 'pod install' or update your CocoaPods installation.\" >&2\n    exit 1\nfi\n";
			showEnvVarsInLog = 0;
		};
/* End PBXShellScriptBuildPhase section */

/* Begin PBXSourcesBuildPhase section */
		AD99DB2C1F2B325A008F5AE8 /* Sources */ = {
			isa = PBXSourcesBuildPhase;
			buildActionMask = 2147483647;
			files = (
				AD99DB6A1F2CF212008F5AE8 /* AppDelegate.swift in Sources */,
				ADF8C4C61F3087B000693E42 /* Dictionary.swift in Sources */,
				AD99DB631F2BA82D008F5AE8 /* UserEntity.swift in Sources */,
				AD99DB7A1F3048D9008F5AE8 /* ApiClientBase.swift in Sources */,
				AD99DB361F2B325A008F5AE8 /* ViewController.swift in Sources */,
			);
			runOnlyForDeploymentPostprocessing = 0;
		};
		AD99DB401F2B325A008F5AE8 /* Sources */ = {
			isa = PBXSourcesBuildPhase;
			buildActionMask = 2147483647;
			files = (
				AD99DB491F2B325A008F5AE8 /* fasha_iOSTests.swift in Sources */,
			);
			runOnlyForDeploymentPostprocessing = 0;
		};
/* End PBXSourcesBuildPhase section */

/* Begin PBXTargetDependency section */
		AD99DB461F2B325A008F5AE8 /* PBXTargetDependency */ = {
			isa = PBXTargetDependency;
			target = AD99DB2F1F2B325A008F5AE8 /* fasha-iOS */;
			targetProxy = AD99DB451F2B325A008F5AE8 /* PBXContainerItemProxy */;
		};
/* End PBXTargetDependency section */

/* Begin PBXVariantGroup section */
		AD99DB371F2B325A008F5AE8 /* Main.storyboard */ = {
			isa = PBXVariantGroup;
			children = (
				AD99DB381F2B325A008F5AE8 /* Base */,
			);
			name = Main.storyboard;
			sourceTree = "<group>";
		};
/* End PBXVariantGroup section */

/* Begin XCBuildConfiguration section */
		AD99DB4B1F2B325A008F5AE8 /* Debug */ = {
			isa = XCBuildConfiguration;
			buildSettings = {
				ALWAYS_SEARCH_USER_PATHS = NO;
				CLANG_ANALYZER_NONNULL = YES;
				CLANG_CXX_LANGUAGE_STANDARD = "gnu++0x";
				CLANG_CXX_LIBRARY = "libc++";
				CLANG_ENABLE_MODULES = YES;
				CLANG_ENABLE_OBJC_ARC = YES;
				CLANG_WARN_BOOL_CONVERSION = YES;
				CLANG_WARN_CONSTANT_CONVERSION = YES;
				CLANG_WARN_DIRECT_OBJC_ISA_USAGE = YES_ERROR;
				CLANG_WARN_DOCUMENTATION_COMMENTS = YES;
				CLANG_WARN_EMPTY_BODY = YES;
				CLANG_WARN_ENUM_CONVERSION = YES;
				CLANG_WARN_INFINITE_RECURSION = YES;
				CLANG_WARN_INT_CONVERSION = YES;
				CLANG_WARN_OBJC_ROOT_CLASS = YES_ERROR;
				CLANG_WARN_SUSPICIOUS_MOVE = YES;
				CLANG_WARN_UNREACHABLE_CODE = YES;
				CLANG_WARN__DUPLICATE_METHOD_MATCH = YES;
				"CODE_SIGN_IDENTITY[sdk=iphoneos*]" = "iPhone Developer";
				COPY_PHASE_STRIP = NO;
				DEBUG_INFORMATION_FORMAT = dwarf;
				ENABLE_STRICT_OBJC_MSGSEND = YES;
				ENABLE_TESTABILITY = YES;
				GCC_C_LANGUAGE_STANDARD = gnu99;
				GCC_DYNAMIC_NO_PIC = NO;
				GCC_NO_COMMON_BLOCKS = YES;
				GCC_OPTIMIZATION_LEVEL = 0;
				GCC_PREPROCESSOR_DEFINITIONS = (
					"DEBUG=1",
					"$(inherited)",
				);
				GCC_WARN_64_TO_32_BIT_CONVERSION = YES;
				GCC_WARN_ABOUT_RETURN_TYPE = YES_ERROR;
				GCC_WARN_UNDECLARED_SELECTOR = YES;
				GCC_WARN_UNINITIALIZED_AUTOS = YES_AGGRESSIVE;
				GCC_WARN_UNUSED_FUNCTION = YES;
				GCC_WARN_UNUSED_VARIABLE = YES;
				IPHONEOS_DEPLOYMENT_TARGET = 9.0;
				MTL_ENABLE_DEBUG_INFO = YES;
				ONLY_ACTIVE_ARCH = YES;
				SDKROOT = iphoneos;
				SWIFT_ACTIVE_COMPILATION_CONDITIONS = DEBUG;
				SWIFT_OPTIMIZATION_LEVEL = "-Onone";
				TARGETED_DEVICE_FAMILY = "1,2";
			};
			name = Debug;
		};
		AD99DB4C1F2B325A008F5AE8 /* Release */ = {
			isa = XCBuildConfiguration;
			buildSettings = {
				ALWAYS_SEARCH_USER_PATHS = NO;
				CLANG_ANALYZER_NONNULL = YES;
				CLANG_CXX_LANGUAGE_STANDARD = "gnu++0x";
				CLANG_CXX_LIBRARY = "libc++";
				CLANG_ENABLE_MODULES = YES;
				CLANG_ENABLE_OBJC_ARC = YES;
				CLANG_WARN_BOOL_CONVERSION = YES;
				CLANG_WARN_CONSTANT_CONVERSION = YES;
				CLANG_WARN_DIRECT_OBJC_ISA_USAGE = YES_ERROR;
				CLANG_WARN_DOCUMENTATION_COMMENTS = YES;
				CLANG_WARN_EMPTY_BODY = YES;
				CLANG_WARN_ENUM_CONVERSION = YES;
				CLANG_WARN_INFINITE_RECURSION = YES;
				CLANG_WARN_INT_CONVERSION = YES;
				CLANG_WARN_OBJC_ROOT_CLASS = YES_ERROR;
				CLANG_WARN_SUSPICIOUS_MOVE = YES;
				CLANG_WARN_UNREACHABLE_CODE = YES;
				CLANG_WARN__DUPLICATE_METHOD_MATCH = YES;
				"CODE_SIGN_IDENTITY[sdk=iphoneos*]" = "iPhone Developer";
				COPY_PHASE_STRIP = NO;
				DEBUG_INFORMATION_FORMAT = "dwarf-with-dsym";
				ENABLE_NS_ASSERTIONS = NO;
				ENABLE_STRICT_OBJC_MSGSEND = YES;
				GCC_C_LANGUAGE_STANDARD = gnu99;
				GCC_NO_COMMON_BLOCKS = YES;
				GCC_WARN_64_TO_32_BIT_CONVERSION = YES;
				GCC_WARN_ABOUT_RETURN_TYPE = YES_ERROR;
				GCC_WARN_UNDECLARED_SELECTOR = YES;
				GCC_WARN_UNINITIALIZED_AUTOS = YES_AGGRESSIVE;
				GCC_WARN_UNUSED_FUNCTION = YES;
				GCC_WARN_UNUSED_VARIABLE = YES;
				IPHONEOS_DEPLOYMENT_TARGET = 9.0;
				MTL_ENABLE_DEBUG_INFO = NO;
				SDKROOT = iphoneos;
				SWIFT_OPTIMIZATION_LEVEL = "-Owholemodule";
				TARGETED_DEVICE_FAMILY = "1,2";
				VALIDATE_PRODUCT = YES;
			};
			name = Release;
		};
		AD99DB4E1F2B325A008F5AE8 /* Debug */ = {
			isa = XCBuildConfiguration;
			baseConfigurationReference = BB0FE4A732D25BFB8D278718 /* Pods-fasha-iOS.debug.xcconfig */;
			buildSettings = {
				ASSETCATALOG_COMPILER_APPICON_NAME = AppIcon;
				"CODE_SIGN_IDENTITY[sdk=iphoneos*]" = "iPhone Developer";
				DEVELOPMENT_TEAM = D4PE3NA5E3;
				INFOPLIST_FILE = "$(SRCROOT)/fasha-iOS/Supporting Files/Info.plist";
				LD_RUNPATH_SEARCH_PATHS = "$(inherited) @executable_path/Frameworks";
				PRODUCT_BUNDLE_IDENTIFIER = "anh-tranluongtuan.fasha-iOS";
				PRODUCT_NAME = "$(TARGET_NAME)";
				SWIFT_VERSION = 3.0;
				TARGETED_DEVICE_FAMILY = "1,2";
			};
			name = Debug;
		};
		AD99DB4F1F2B325A008F5AE8 /* Release */ = {
			isa = XCBuildConfiguration;
			baseConfigurationReference = E882148B4880BE4BD90E7961 /* Pods-fasha-iOS.release.xcconfig */;
			buildSettings = {
				ASSETCATALOG_COMPILER_APPICON_NAME = AppIcon;
				"CODE_SIGN_IDENTITY[sdk=iphoneos*]" = "iPhone Developer";
				DEVELOPMENT_TEAM = D4PE3NA5E3;
				INFOPLIST_FILE = "$(SRCROOT)/fasha-iOS/Supporting Files/Info.plist";
				LD_RUNPATH_SEARCH_PATHS = "$(inherited) @executable_path/Frameworks";
				PRODUCT_BUNDLE_IDENTIFIER = "anh-tranluongtuan.fasha-iOS";
				PRODUCT_NAME = "$(TARGET_NAME)";
				SWIFT_VERSION = 3.0;
				TARGETED_DEVICE_FAMILY = "1,2";
			};
			name = Release;
		};
		AD99DB511F2B325A008F5AE8 /* Debug */ = {
			isa = XCBuildConfiguration;
			baseConfigurationReference = 67EA781A0204FC5A720F6AA4 /* Pods-fasha-iOSTests.debug.xcconfig */;
			buildSettings = {
				ALWAYS_EMBED_SWIFT_STANDARD_LIBRARIES = YES;
				BUNDLE_LOADER = "$(TEST_HOST)";
				INFOPLIST_FILE = "fasha-iOSTests/Info.plist";
				LD_RUNPATH_SEARCH_PATHS = "$(inherited) @executable_path/Frameworks @loader_path/Frameworks";
				PRODUCT_BUNDLE_IDENTIFIER = "anh-tranluongtuan.fasha-iOSTests";
				PRODUCT_NAME = "$(TARGET_NAME)";
				SWIFT_VERSION = 3.0;
				TEST_HOST = "$(BUILT_PRODUCTS_DIR)/fasha-iOS.app/fasha-iOS";
			};
			name = Debug;
		};
		AD99DB521F2B325A008F5AE8 /* Release */ = {
			isa = XCBuildConfiguration;
			baseConfigurationReference = 362316CC842D04D487FD3328 /* Pods-fasha-iOSTests.release.xcconfig */;
			buildSettings = {
				ALWAYS_EMBED_SWIFT_STANDARD_LIBRARIES = YES;
				BUNDLE_LOADER = "$(TEST_HOST)";
				INFOPLIST_FILE = "fasha-iOSTests/Info.plist";
				LD_RUNPATH_SEARCH_PATHS = "$(inherited) @executable_path/Frameworks @loader_path/Frameworks";
				PRODUCT_BUNDLE_IDENTIFIER = "anh-tranluongtuan.fasha-iOSTests";
				PRODUCT_NAME = "$(TARGET_NAME)";
				SWIFT_VERSION = 3.0;
				TEST_HOST = "$(BUILT_PRODUCTS_DIR)/fasha-iOS.app/fasha-iOS";
			};
			name = Release;
		};
/* End XCBuildConfiguration section */

/* Begin XCConfigurationList section */
		AD99DB2B1F2B325A008F5AE8 /* Build configuration list for PBXProject "fasha-iOS" */ = {
			isa = XCConfigurationList;
			buildConfigurations = (
				AD99DB4B1F2B325A008F5AE8 /* Debug */,
				AD99DB4C1F2B325A008F5AE8 /* Release */,
			);
			defaultConfigurationIsVisible = 0;
			defaultConfigurationName = Release;
		};
		AD99DB4D1F2B325A008F5AE8 /* Build configuration list for PBXNativeTarget "fasha-iOS" */ = {
			isa = XCConfigurationList;
			buildConfigurations = (
				AD99DB4E1F2B325A008F5AE8 /* Debug */,
				AD99DB4F1F2B325A008F5AE8 /* Release */,
			);
			defaultConfigurationIsVisible = 0;
			defaultConfigurationName = Release;
		};
		AD99DB501F2B325A008F5AE8 /* Build configuration list for PBXNativeTarget "fasha-iOSTests" */ = {
			isa = XCConfigurationList;
			buildConfigurations = (
				AD99DB511F2B325A008F5AE8 /* Debug */,
				AD99DB521F2B325A008F5AE8 /* Release */,
			);
			defaultConfigurationIsVisible = 0;
			defaultConfigurationName = Release;
		};
/* End XCConfigurationList section */
	};
	rootObject = AD99DB281F2B325A008F5AE8 /* Project object */;
}
