PODS:
  - Alamofire (4.5.0)
  - Bond (6.0.1):
    - Diff (~> 0.4)
    - ReactiveKit (~> 3.3)
  - Diff (0.5.0)
  - PromiseKit (4.2.2):
    - PromiseKit/Foundation (= 4.2.2)
    - PromiseKit/QuartzCore (= 4.2.2)
    - PromiseKit/UIKit (= 4.2.2)
  - PromiseKit/CorePromise (4.2.2)
  - PromiseKit/Foundation (4.2.2):
    - PromiseKit/CorePromise
  - PromiseKit/QuartzCore (4.2.2):
    - PromiseKit/CorePromise
  - PromiseKit/UIKit (4.2.2):
    - PromiseKit/CorePromise
  - ReactiveKit (3.3.1)
  - Realm (2.9.0):
    - Realm/Headers (= 2.9.0)
  - Realm/Headers (2.9.0)
  - RealmSwift (2.9.0):
    - Realm (= 2.9.0)

DEPENDENCIES:
  - Alamofire
  - Bond (= 6.0.1)
  - Diff (= 0.5.0)
  - PromiseKit (~> 4.0)
  - ReactiveKit (= 3.3.1)
  - RealmSwift

SPEC CHECKSUMS:
  Alamofire: f28cdffd29de33a7bfa022cbd63ae95a27fae140
  Bond: 22deecec4f4e9dcbd68a8b494642dc3046701183
  Diff: eceb93a3adf508574ba9b8560da185ace83de055
  PromiseKit: 00e8886881f151c7e573d06b437915b0bb2970ec
  ReactiveKit: 27df79c2e2f0771aef1061551fcd7e82b92066e9
  Realm: f14ab1673502559cb16592ddb8f383c474c13e05
  RealmSwift: 16ad2c187042c4934f49750375582fe508627dcb

PODFILE CHECKSUM: bef5965d0a007fd8f35e690910806af34dfdc673

COCOAPODS: 1.2.1
